{
  "nodes": {
    "brew-src": {
      "flake": false,
      "locked": {
        "lastModified": 1785146564,
        "narHash": "sha256-Sa7/HrfB04H32OJ7/ofxXjiZEbkWtCNOriONYYTL1OA=",
        "owner": "Homebrew",
        "repo": "brew",
        "rev": "b2cfc03346d482f79886de108fee5dc49a6efc10",
        "type": "github"
      },
      "original": {
        "owner": "Homebrew",
        "ref": "6.0.13",
        "repo": "brew",
        "type": "github"
      }
    },
    "dank-qml-common": {
      "flake": false,
      "locked": {
        "lastModified": 1785445867,
        "narHash": "sha256-l9IRsLIVZ7bV+KMuTdCga89tGt4lpdMXhQR7f/2qoe4=",
        "owner": "AvengeMedia",
        "repo": "dank-qml-common",
        "rev": "3b06bd9372e18bc8086cc3958d4f677d57fbfdd8",
        "type": "github"
      },
      "original": {
        "owner": "AvengeMedia",
        "repo": "dank-qml-common",
        "type": "github"
      }
    },
    "dankMaterialShell": {
      "inputs": {
        "dank-qml-common": "dank-qml-common",
        "flake-compat": "flake-compat",
        "nixpkgs": [
          "nixpkgs"
        ]
      },
      "locked": {
        "lastModified": 1785505021,
        "narHash": "sha256-wcyPC+psdQT6l5i2n11a2CIweurnjvs2tQExqKawbUY=",
        "owner": "AvengeMedia",
        "repo": "DankMaterialShell",
        "rev": "ef191babb72c83bf16254d3f9416e7b2e8ef61d6",
        "type": "github"
      },
      "original": {
        "owner": "AvengeMedia",
        "repo": "DankMaterialShell",
        "type": "github"
      }
    },
    "dgop": {
      "inputs": {
        "nixpkgs": [
          "nixpkgs"
        ]
      },
      "locked": {
        "lastModified": 1784432656,
        "narHash": "sha256-rtvxOgXfrcG7ObcnUZTiYt/aSrFVfAzlI7NR/lQ1s0U=",
        "owner": "AvengeMedia",
        "repo": "dgop",
        "rev": "267c9d25adb784a4ac2daa90eae0c281074ea03f",
        "type": "github"
      },
      "original": {
        "owner": "AvengeMedia",
        "repo": "dgop",
        "type": "github"
      }
    },
    "dms-display-mirror": {
      "flake": false,
      "locked": {
        "lastModified": 1762746654,
        "narHash": "sha256-JX3pDZ1F5Uu/rOdA4KMhcwH8a6gxsTZjwgcZxNV/Ngc=",
        "owner": "jfchenier",
        "repo": "dms-display-mirror",
        "rev": "92cd44c4fb67834bf71fdd78f83c29df5e0750b2",
        "type": "github"
      },
      "original": {
        "owner": "jfchenier",
        "repo": "dms-display-mirror",
        "type": "github"
      }
    },
    "dms-plugins": {
      "flake": false,
      "locked": {
        "lastModified": 1784218055,
        "narHash": "sha256-q/SGn2/jEZ73qHyvgPgYByn2TRZwdJzJ/uyoRLuuEWk=",
        "owner": "AvengeMedia",
        "repo": "dms-plugins",
        "rev": "e8c36175a1a8ee4718df5d8ef60d105add94f33e",
        "type": "github"
      },
      "original": {
        "owner": "AvengeMedia",
        "repo": "dms-plugins",
        "type": "github"
      }
    },
    "dms-plugins-dadangdut33": {
      "flake": false,
      "locked": {
        "lastModified": 1785512664,
        "narHash": "sha256-/iIqBej8dFwOQpvO9PXFvnDwZMSA7IykzaQjl5xoJUs=",
        "owner": "Dadangdut33",
        "repo": "dms-plugins",
        "rev": "63fe6b87c497f1f7c2ea61432716817db1c5c3a4",
        "type": "github"
      },
      "original": {
        "owner": "Dadangdut33",
        "repo": "dms-plugins",
        "type": "github"
      }
    },
    "flake-compat": {
      "flake": false,
      "locked": {
        "lastModified": 1767039857,
        "narHash": "sha256-vNpUSpF5Nuw8xvDLj2KCwwksIbjua2LZCqhV1LNRDns=",
        "owner": "NixOS",
        "repo": "flake-compat",
        "rev": "5edf11c44bc78a0d334f6334cdaf7d60d732daab",
        "type": "github"
      },
      "original": {
        "owner": "NixOS",
        "repo": "flake-compat",
        "type": "github"
      }
    },
    "flake-compat_2": {
      "locked": {
        "lastModified": 1733328505,
        "narHash": "sha256-NeCCThCEP3eCl2l/+27kNNK7QrwZB1IJCrXfrbv5oqU=",
        "rev": "ff81ac966bb2cae68946d5ed5fc4994f96d0ffec",
        "revCount": 69,
        "type": "tarball",
        "url": "https://api.flakehub.com/f/pinned/edolstra/flake-compat/1.1.0/01948eb7-9cba-704f-bbf3-3fa956735b52/source.tar.gz"
      },
      "original": {
        "type": "tarball",
        "url": "https://flakehub.com/f/edolstra/flake-compat/1.tar.gz"
      }
    },
    "flake-parts": {
      "inputs": {
        "nixpkgs-lib": "nixpkgs-lib"
      },
      "locked": {
        "lastModified": 1778716662,
        "narHash": "sha256-m1Yf0wZ8j1OHjTc2UwHwyQRSnNeSgLJOd7q5Y45hzi4=",
        "owner": "hercules-ci",
        "repo": "flake-parts",
        "rev": "f7c1a2d347e4c52d5fb8d10cb4d94b5884e546fb",
        "type": "github"
      },
      "original": {
        "owner": "hercules-ci",
        "repo": "flake-parts",
        "type": "github"
      }
    },
    "home-manager": {
      "inputs": {
        "nixpkgs": [
          "nixpkgs"
        ]
      },
      "locked": {
        "lastModified": 1785531816,
        "narHash": "sha256-vkMnV0JIyw+g/NmcfoajlGaAO+9a0ezia+FZohQJrik=",
        "owner": "nix-community",
        "repo": "home-manager",
        "rev": "bf9ce9fec78f95f374e8dd3b503863a3ec128ebe",
        "type": "github"
      },
      "original": {
        "owner": "nix-community",
        "repo": "home-manager",
        "type": "github"
      }
    },
    "nix-darwin": {
      "inputs": {
        "nixpkgs": [
          "nixpkgs"
        ]
      },
      "locked": {
        "lastModified": 1785389976,
        "narHash": "sha256-0tLW8Ff5yt8AH97jw4ZpFJ0OCJ122zIlgWGDmOfU/VU=",
        "owner": "nix-darwin",
        "repo": "nix-darwin",
        "rev": "15abb8c98f336cd8bd840d71059adebabe60bf04",
        "type": "github"
      },
      "original": {
        "owner": "nix-darwin",
        "ref": "master",
        "repo": "nix-darwin",
        "type": "github"
      }
    },
    "nix-flatpak": {
      "locked": {
        "lastModified": 1739444422,
        "narHash": "sha256-iAVVHi7X3kWORftY+LVbRiStRnQEob2TULWyjMS6dWg=",
        "owner": "gmodena",
        "repo": "nix-flatpak",
        "rev": "5e54c3ca05a7c7d968ae1ddeabe01d2a9bc1e177",
        "type": "github"
      },
      "original": {
        "owner": "gmodena",
        "ref": "v0.6.0",
        "repo": "nix-flatpak",
        "type": "github"
      }
    },
    "nix-homebrew": {
      "inputs": {
        "brew-src": "brew-src"
      },
      "locked": {
        "lastModified": 1785544760,
        "narHash": "sha256-qV6OoNuly4ntqpCg7esIeJjUboxSnQNlLPxz+y5h9/o=",
        "owner": "zhaofengli",
        "repo": "nix-homebrew",
        "rev": "937ce52c7d046310571f3a070713804ead496843",
        "type": "github"
      },
      "original": {
        "owner": "zhaofengli",
        "repo": "nix-homebrew",
        "type": "github"
      }
    },
    "nix-mineral": {
      "inputs": {
        "flake-compat": "flake-compat_2",
        "flake-parts": "flake-parts",
        "nixpkgs": "nixpkgs"
      },
      "locked": {
        "lastModified": 1785469056,
        "narHash": "sha256-6rTnrL6Cm3dBzRFHVm1Yb7a1oPFhAFrXreMXs+s5f8Y=",
        "owner": "cynicsketch",
        "repo": "nix-mineral",
        "rev": "3df069f5b0dcca87e2328c9ef150edd7c21fef4f",
        "type": "github"
      },
      "original": {
        "owner": "cynicsketch",
        "repo": "nix-mineral",
        "type": "github"
      }
    },
    "nixpkgs": {
      "locked": {
        "lastModified": 1780453794,
        "narHash": "sha256-bXMRa9VTsHSPXL4Cw8R6JJLQeY3Y/IP4+YJCYVmQ7FY=",
        "owner": "NixOS",
        "repo": "nixpkgs",
        "rev": "6b316287bae2ee04c9b93c8c858d930fd07d7338",
        "type": "github"
      },
      "original": {
        "owner": "NixOS",
        "ref": "nixos-26.05",
        "repo": "nixpkgs",
        "type": "github"
      }
    },
    "nixpkgs-lib": {
      "locked": {
        "lastModified": 1777168982,
        "narHash": "sha256-GOkGPcboWE9BmGCRMLX3worL4EMnsnG8MyKmXNeYuhQ=",
        "owner": "nix-community",
        "repo": "nixpkgs.lib",
        "rev": "f5901329dade4a6ea039af1433fb087bd9c1fe14",
        "type": "github"
      },
      "original": {
        "owner": "nix-community",
        "repo": "nixpkgs.lib",
        "type": "github"
      }
    },
    "nixpkgs_2": {
      "locked": {
        "lastModified": 1785454630,
        "narHash": "sha256-LQy14TZp77TwbQf40gg1V3jo8FwJG0jGDkAH+zRHqg8=",
        "owner": "nixos",
        "repo": "nixpkgs",
        "rev": "1559d3daa3ecc813a650b79375ea61b6741b8746",
        "type": "github"
      },
      "original": {
        "owner": "nixos",
        "ref": "nixos-unstable",
        "repo": "nixpkgs",
        "type": "github"
      }
    },
    "root": {
      "inputs": {
        "dankMaterialShell": "dankMaterialShell",
        "dgop": "dgop",
        "dms-display-mirror": "dms-display-mirror",
        "dms-plugins": "dms-plugins",
        "dms-plugins-dadangdut33": "dms-plugins-dadangdut33",
        "home-manager": "home-manager",
        "nix-darwin": "nix-darwin",
        "nix-flatpak": "nix-flatpak",
        "nix-homebrew": "nix-homebrew",
        "nix-mineral": "nix-mineral",
        "nixpkgs": "nixpkgs_2"
      }
    }
  },
  "root": "root",
  "version": 7
}
